
Microsoft Visual Studio Solution File, Format Version 12.00
# Visual Studio 15
VisualStudioVersion = 15.0.27004.2005
MinimumVisualStudioVersion = 10.0.40219.1
Project("{FAE04EC0-301F-11D3-BF4B-00C04F79EFBC}") = "FormationPOENET", "FormationPOENET\FormationPOENET.csproj", "{FEE197DD-03A2-437F-973D-8BDFE2162800}"
EndProject
Project("{FAE04EC0-301F-11D3-BF4B-00C04F79EFBC}") = "FormationPOEEF", "FormationPOEEF\FormationPOEEF.csproj", "{E70CDBDC-73CC-48E2-ACC9-91A729849445}"
EndProject
Project("{FAE04EC0-301F-11D3-BF4B-00C04F79EFBC}") = "FormationPOEASP", "FormationPOEASP\FormationPOEASP.csproj", "{9A499579-14ED-47CE-98F5-DB8B288B938E}"
EndProject
Project("{FAE04EC0-301F-11D3-BF4B-00C04F79EFBC}") = "FormationPOEWebAPI", "FormationPOEWebAPI\FormationPOEWebAPI.csproj", "{2DDE5797-3DDB-4505-B3ED-006E68A6F0DB}"
EndProject
Global
	GlobalSection(SolutionConfigurationPlatforms) = preSolution
		Debug|Any CPU = Debug|Any CPU
		Release|Any CPU = Release|Any CPU
	EndGlobalSection
	GlobalSection(ProjectConfigurationPlatforms) = postSolution
		{FEE197DD-03A2-437F-973D-8BDFE2162800}.Debug|Any CPU.ActiveCfg = Debug|Any CPU
		{FEE197DD-03A2-437F-973D-8BDFE2162800}.Debug|Any CPU.Build.0 = Debug|Any CPU
		{FEE197DD-03A2-437F-973D-8BDFE2162800}.Release|Any CPU.ActiveCfg = Release|Any CPU
		{FEE197DD-03A2-437F-973D-8BDFE2162800}.Release|Any CPU.Build.0 = Release|Any CPU
		{E70CDBDC-73CC-48E2-ACC9-91A729849445}.Debug|Any CPU.ActiveCfg = Debug|Any CPU
		{E70CDBDC-73CC-48E2-ACC9-91A729849445}.Debug|Any CPU.Build.0 = Debug|Any CPU
		{E70CDBDC-73CC-48E2-ACC9-91A729849445}.Release|Any CPU.ActiveCfg = Release|Any CPU
		{E70CDBDC-73CC-48E2-ACC9-91A729849445}.Release|Any CPU.Build.0 = Release|Any CPU
		{9A499579-14ED-47CE-98F5-DB8B288B938E}.Debug|Any CPU.ActiveCfg = Debug|Any CPU
		{9A499579-14ED-47CE-98F5-DB8B288B938E}.Debug|Any CPU.Build.0 = Debug|Any CPU
		{9A499579-14ED-47CE-98F5-DB8B288B938E}.Release|Any CPU.ActiveCfg = Release|Any CPU
		{9A499579-14ED-47CE-98F5-DB8B288B938E}.Release|Any CPU.Build.0 = Release|Any CPU
		{2DDE5797-3DDB-4505-B3ED-006E68A6F0DB}.Debug|Any CPU.ActiveCfg = Debug|Any CPU
		{2DDE5797-3DDB-4505-B3ED-006E68A6F0DB}.Debug|Any CPU.Build.0 = Debug|Any CPU
		{2DDE5797-3DDB-4505-B3ED-006E68A6F0DB}.Release|Any CPU.ActiveCfg = Release|Any CPU
		{2DDE5797-3DDB-4505-B3ED-006E68A6F0DB}.Release|Any CPU.Build.0 = Release|Any CPU
	EndGlobalSection
	GlobalSection(SolutionProperties) = preSolution
		HideSolutionNode = FALSE
	EndGlobalSection
	GlobalSection(ExtensibilityGlobals) = postSolution
		SolutionGuid = {61E547B6-C96B-4F62-B9AA-EA8E036879FD}
	EndGlobalSection
EndGlobal
